
Microsoft Visual Studio Solution File, Format Version 12.00
# Visual Studio Version 16
VisualStudioVersion = 16.0.28803.352
MinimumVisualStudioVersion = 10.0.40219.1
Project("{FAE04EC0-301F-11D3-BF4B-00C04F79EFBC}") = "CarnivalStoragemanagement.UI", "CarnivalSoragemanagement.UI\CarnivalStoragemanagement.UI.csproj", "{CBDD9BA2-8920-47A1-AACE-0BFA77DB3121}"
EndProject
Project("{FAE04EC0-301F-11D3-BF4B-00C04F79EFBC}") = "CarnivalStoragemanagement.Data", "CarnivalStoragemanagement.Data\CarnivalStoragemanagement.Data.csproj", "{89C36325-94FD-4DC8-B495-88DD9108848A}"
EndProject
Project("{FAE04EC0-301F-11D3-BF4B-00C04F79EFBC}") = "CarnivalStoragemanagement.Model", "CarnivalStoragemanagement.Model\CarnivalStoragemanagement.Model.csproj", "{6E98DDBD-E5CE-4AC1-AC16-77ED656ACA42}"
EndProject
Global
	GlobalSection(SolutionConfigurationPlatforms) = preSolution
		Debug|Any CPU = Debug|Any CPU
		Release|Any CPU = Release|Any CPU
	EndGlobalSection
	GlobalSection(ProjectConfigurationPlatforms) = postSolution
		{CBDD9BA2-8920-47A1-AACE-0BFA77DB3121}.Debug|Any CPU.ActiveCfg = Debug|Any CPU
		{CBDD9BA2-8920-47A1-AACE-0BFA77DB3121}.Debug|Any CPU.Build.0 = Debug|Any CPU
		{CBDD9BA2-8920-47A1-AACE-0BFA77DB3121}.Release|Any CPU.ActiveCfg = Release|Any CPU
		{CBDD9BA2-8920-47A1-AACE-0BFA77DB3121}.Release|Any CPU.Build.0 = Release|Any CPU
		{89C36325-94FD-4DC8-B495-88DD9108848A}.Debug|Any CPU.ActiveCfg = Debug|Any CPU
		{89C36325-94FD-4DC8-B495-88DD9108848A}.Debug|Any CPU.Build.0 = Debug|Any CPU
		{89C36325-94FD-4DC8-B495-88DD9108848A}.Release|Any CPU.ActiveCfg = Release|Any CPU
		{89C36325-94FD-4DC8-B495-88DD9108848A}.Release|Any CPU.Build.0 = Release|Any CPU
		{6E98DDBD-E5CE-4AC1-AC16-77ED656ACA42}.Debug|Any CPU.ActiveCfg = Debug|Any CPU
		{6E98DDBD-E5CE-4AC1-AC16-77ED656ACA42}.Debug|Any CPU.Build.0 = Debug|Any CPU
		{6E98DDBD-E5CE-4AC1-AC16-77ED656ACA42}.Release|Any CPU.ActiveCfg = Release|Any CPU
		{6E98DDBD-E5CE-4AC1-AC16-77ED656ACA42}.Release|Any CPU.Build.0 = Release|Any CPU
	EndGlobalSection
	GlobalSection(SolutionProperties) = preSolution
		HideSolutionNode = FALSE
	EndGlobalSection
	GlobalSection(ExtensibilityGlobals) = postSolution
		SolutionGuid = {710664B0-8960-445D-9C6B-26F197368512}
	EndGlobalSection
EndGlobal
